// !$*UTF8*$!
{
	archiveVersion = 1;
	classes = {
	};
	objectVersion = 50;
	objects = {

/* Begin PBXBuildFile section */
		F744077526531E7D00F1587C /* AppDelegate.swift in Sources */ = {isa = PBXBuildFile; fileRef = F744077426531E7D00F1587C /* AppDelegate.swift */; };
		F744077726531E7D00F1587C /* SceneDelegate.swift in Sources */ = {isa = PBXBuildFile; fileRef = F744077626531E7D00F1587C /* SceneDelegate.swift */; };
		F744077926531E7D00F1587C /* ViewController.swift in Sources */ = {isa = PBXBuildFile; fileRef = F744077826531E7D00F1587C /* ViewController.swift */; };
		F744077C26531E7D00F1587C /* Main.storyboard in Resources */ = {isa = PBXBuildFile; fileRef = F744077A26531E7D00F1587C /* Main.storyboard */; };
		F744077F26531E7D00F1587C /* PerformaIT.xcdatamodeld in Sources */ = {isa = PBXBuildFile; fileRef = F744077D26531E7D00F1587C /* PerformaIT.xcdatamodeld */; };
		F744078126531E8000F1587C /* Assets.xcassets in Resources */ = {isa = PBXBuildFile; fileRef = F744078026531E8000F1587C /* Assets.xcassets */; };
		F744078426531E8000F1587C /* LaunchScreen.storyboard in Resources */ = {isa = PBXBuildFile; fileRef = F744078226531E8000F1587C /* LaunchScreen.storyboard */; };
/* End PBXBuildFile section */

/* Begin PBXFileReference section */
		F744077126531E7D00F1587C /* PerformaIT.app */ = {isa = PBXFileReference; explicitFileType = wrapper.application; includeInIndex = 0; path = PerformaIT.app; sourceTree = BUILT_PRODUCTS_DIR; };
		F744077426531E7D00F1587C /* AppDelegate.swift */ = {isa = PBXFileReference; lastKnownFileType = sourcecode.swift; path = AppDelegate.swift; sourceTree = "<group>"; };
		F744077626531E7D00F1587C /* SceneDelegate.swift */ = {isa = PBXFileReference; lastKnownFileType = sourcecode.swift; path = SceneDelegate.swift; sourceTree = "<group>"; };
		F744077826531E7D00F1587C /* ViewController.swift */ = {isa = PBXFileReference; lastKnownFileType = sourcecode.swift; path = ViewController.swift; sourceTree = "<group>"; };
		F744077B26531E7D00F1587C /* Base */ = {isa = PBXFileReference; lastKnownFileType = file.storyboard; name = Base; path = Base.lproj/Main.storyboard; sourceTree = "<group>"; };
		F744077E26531E7D00F1587C /* PerformaIT.xcdatamodel */ = {isa = PBXFileReference; lastKnownFileType = wrapper.xcdatamodel; path = PerformaIT.xcdatamodel; sourceTree = "<group>"; };
		F744078026531E8000F1587C /* Assets.xcassets */ = {isa = PBXFileReference; lastKnownFileType = folder.assetcatalog; path = Assets.xcassets; sourceTree = "<group>"; };
		F744078326531E8000F1587C /* Base */ = {isa = PBXFileReference; lastKnownFileType = file.storyboard; name = Base; path = Base.lproj/LaunchScreen.storyboard; sourceTree = "<group>"; };
		F744078526531E8000F1587C /* Info.plist */ = {isa = PBXFileReference; lastKnownFileType = text.plist.xml; path = Info.plist; sourceTree = "<group>"; };
/* End PBXFileReference section */

/* Begin PBXFrameworksBuildPhase section */
		F744076E26531E7D00F1587C /* Frameworks */ = {
			isa = PBXFrameworksBuildPhase;
			buildActionMask = 2147483647;
			files = (
			);
			runOnlyForDeploymentPostprocessing = 0;
		};
/* End PBXFrameworksBuildPhase section */

/* Begin PBXGroup section */
		F744076826531E7D00F1587C = {
			isa = PBXGroup;
			children = (
				F744077326531E7D00F1587C /* PerformaIT */,
				F744077226531E7D00F1587C /* Products */,
			);
			sourceTree = "<group>";
		};
		F744077226531E7D00F1587C /* Products */ = {
			isa = PBXGroup;
			children = (
				F744077126531E7D00F1587C /* PerformaIT.app */,
			);
			name = Products;
			sourceTree = "<group>";
		};
		F744077326531E7D00F1587C /* PerformaIT */ = {
			isa = PBXGroup;
			children = (
				F744077426531E7D00F1587C /* AppDelegate.swift */,
				F744077626531E7D00F1587C /* SceneDelegate.swift */,
				F744077826531E7D00F1587C /* ViewController.swift */,
				F744077A26531E7D00F1587C /* Main.storyboard */,
				F744078026531E8000F1587C /* Assets.xcassets */,
				F744078226531E8000F1587C /* LaunchScreen.storyboard */,
				F744078526531E8000F1587C /* Info.plist */,
				F744077D26531E7D00F1587C /* PerformaIT.xcdatamodeld */,
			);
			path = PerformaIT;
			sourceTree = "<group>";
		};
/* End PBXGroup section */

/* Begin PBXNativeTarget section */
		F744077026531E7D00F1587C /* PerformaIT */ = {
			isa = PBXNativeTarget;
			buildConfigurationList = F744078826531E8000F1587C /* Build configuration list for PBXNativeTarget "PerformaIT" */;
			buildPhases = (
				F744076D26531E7D00F1587C /* Sources */,
				F744076E26531E7D00F1587C /* Frameworks */,
				F744076F26531E7D00F1587C /* Resources */,
			);
			buildRules = (
			);
			dependencies = (
			);
			name = PerformaIT;
			productName = PerformaIT;
			productReference = F744077126531E7D00F1587C /* PerformaIT.app */;
			productType = "com.apple.product-type.application";
		};
/* End PBXNativeTarget section */

/* Begin PBXProject section */
		F744076926531E7D00F1587C /* Project object */ = {
			isa = PBXProject;
			attributes = {
				LastSwiftUpdateCheck = 1240;
				LastUpgradeCheck = 1240;
				TargetAttributes = {
					F744077026531E7D00F1587C = {
						CreatedOnToolsVersion = 12.4;
					};
				};
			};
			buildConfigurationList = F744076C26531E7D00F1587C /* Build configuration list for PBXProject "PerformaIT" */;
			compatibilityVersion = "Xcode 9.3";
			developmentRegion = en;
			hasScannedForEncodings = 0;
			knownRegions = (
				en,
				Base,
			);
			mainGroup = F744076826531E7D00F1587C;
			productRefGroup = F744077226531E7D00F1587C /* Products */;
			projectDirPath = "";
			projectRoot = "";
			targets = (
				F744077026531E7D00F1587C /* PerformaIT */,
			);
		};
/* End PBXProject section */

/* Begin PBXResourcesBuildPhase section */
		F744076F26531E7D00F1587C /* Resources */ = {
			isa = PBXResourcesBuildPhase;
			buildActionMask = 2147483647;
			files = (
				F744078426531E8000F1587C /* LaunchScreen.storyboard in Resources */,
				F744078126531E8000F1587C /* Assets.xcassets in Resources */,
				F744077C26531E7D00F1587C /* Main.storyboard in Resources */,
			);
			runOnlyForDeploymentPostprocessing = 0;
		};
/* End PBXResourcesBuildPhase section */

/* Begin PBXSourcesBuildPhase section */
		F744076D26531E7D00F1587C /* Sources */ = {
			isa = PBXSourcesBuildPhase;
			buildActionMask = 2147483647;
			files = (
				F744077F26531E7D00F1587C /* PerformaIT.xcdatamodeld in Sources */,
				F744077926531E7D00F1587C /* ViewController.swift in Sources */,
				F744077526531E7D00F1587C /* AppDelegate.swift in Sources */,
				F744077726531E7D00F1587C /* SceneDelegate.swift in Sources */,
			);
			runOnlyForDeploymentPostprocessing = 0;
		};
/* End PBXSourcesBuildPhase section */

/* Begin PBXVariantGroup section */
		F744077A26531E7D00F1587C /* Main.storyboard */ = {
			isa = PBXVariantGroup;
			children = (
				F744077B26531E7D00F1587C /* Base */,
			);
			name = Main.storyboard;
			sourceTree = "<group>";
		};
		F744078226531E8000F1587C /* LaunchScreen.storyboard */ = {
			isa = PBXVariantGroup;
			children = (
				F744078326531E8000F1587C /* Base */,
			);
			name = LaunchScreen.storyboard;
			sourceTree = "<group>";
		};
/* End PBXVariantGroup section */

/* Begin XCBuildConfiguration section */
		F744078626531E8000F1587C /* Debug */ = {
			isa = XCBuildConfiguration;
			buildSettings = {
				ALWAYS_SEARCH_USER_PATHS = NO;
				CLANG_ANALYZER_NONNULL = YES;
				CLANG_ANALYZER_NUMBER_OBJECT_CONVERSION = YES_AGGRESSIVE;
				CLANG_CXX_LANGUAGE_STANDARD = "gnu++14";
				CLANG_CXX_LIBRARY = "libc++";
				CLANG_ENABLE_MODULES = YES;
				CLANG_ENABLE_OBJC_ARC = YES;
				CLANG_ENABLE_OBJC_WEAK = YES;
				CLANG_WARN_BLOCK_CAPTURE_AUTORELEASING = YES;
				CLANG_WARN_BOOL_CONVERSION = YES;
				CLANG_WARN_COMMA = YES;
				CLANG_WARN_CONSTANT_CONVERSION = YES;
				CLANG_WARN_DEPRECATED_OBJC_IMPLEMENTATIONS = YES;
				CLANG_WARN_DIRECT_OBJC_ISA_USAGE = YES_ERROR;
				CLANG_WARN_DOCUMENTATION_COMMENTS = YES;
				CLANG_WARN_EMPTY_BODY = YES;
				CLANG_WARN_ENUM_CONVERSION = YES;
				CLANG_WARN_INFINITE_RECURSION = YES;
				CLANG_WARN_INT_CONVERSION = YES;
				CLANG_WARN_NON_LITERAL_NULL_CONVERSION = YES;
				CLANG_WARN_OBJC_IMPLICIT_RETAIN_SELF = YES;
				CLANG_WARN_OBJC_LITERAL_CONVERSION = YES;
				CLANG_WARN_OBJC_ROOT_CLASS = YES_ERROR;
				CLANG_WARN_QUOTED_INCLUDE_IN_FRAMEWORK_HEADER = YES;
				CLANG_WARN_RANGE_LOOP_ANALYSIS = YES;
				CLANG_WARN_STRICT_PROTOTYPES = YES;
				CLANG_WARN_SUSPICIOUS_MOVE = YES;
				CLANG_WARN_UNGUARDED_AVAILABILITY = YES_AGGRESSIVE;
				CLANG_WARN_UNREACHABLE_CODE = YES;
				CLANG_WARN__DUPLICATE_METHOD_MATCH = YES;
				COPY_PHASE_STRIP = NO;
				DEBUG_INFORMATION_FORMAT = dwarf;
				ENABLE_STRICT_OBJC_MSGSEND = YES;
				ENABLE_TESTABILITY = YES;
				GCC_C_LANGUAGE_STANDARD = gnu11;
				GCC_DYNAMIC_NO_PIC = NO;
				GCC_NO_COMMON_BLOCKS = YES;
				GCC_OPTIMIZATION_LEVEL = 0;
				GCC_PREPROCESSOR_DEFINITIONS = (
					"DEBUG=1",
					"$(inherited)",
				);
				GCC_WARN_64_TO_32_BIT_CONVERSION = YES;
				GCC_WARN_ABOUT_RETURN_TYPE = YES_ERROR;
				GCC_WARN_UNDECLARED_SELECTOR = YES;
				GCC_WARN_UNINITIALIZED_AUTOS = YES_AGGRESSIVE;
				GCC_WARN_UNUSED_FUNCTION = YES;
				GCC_WARN_UNUSED_VARIABLE = YES;
				IPHONEOS_DEPLOYMENT_TARGET = 14.4;
				MTL_ENABLE_DEBUG_INFO = INCLUDE_SOURCE;
				MTL_FAST_MATH = YES;
				ONLY_ACTIVE_ARCH = YES;
				SDKROOT = iphoneos;
				SWIFT_ACTIVE_COMPILATION_CONDITIONS = DEBUG;
				SWIFT_OPTIMIZATION_LEVEL = "-Onone";
			};
			name = Debug;
		};
		F744078726531E8000F1587C /* Release */ = {
			isa = XCBuildConfiguration;
			buildSettings = {
				ALWAYS_SEARCH_USER_PATHS = NO;
				CLANG_ANALYZER_NONNULL = YES;
				CLANG_ANALYZER_NUMBER_OBJECT_CONVERSION = YES_AGGRESSIVE;
				CLANG_CXX_LANGUAGE_STANDARD = "gnu++14";
				CLANG_CXX_LIBRARY = "libc++";
				CLANG_ENABLE_MODULES = YES;
				CLANG_ENABLE_OBJC_ARC = YES;
				CLANG_ENABLE_OBJC_WEAK = YES;
				CLANG_WARN_BLOCK_CAPTURE_AUTORELEASING = YES;
				CLANG_WARN_BOOL_CONVERSION = YES;
				CLANG_WARN_COMMA = YES;
				CLANG_WARN_CONSTANT_CONVERSION = YES;
				CLANG_WARN_DEPRECATED_OBJC_IMPLEMENTATIONS = YES;
				CLANG_WARN_DIRECT_OBJC_ISA_USAGE = YES_ERROR;
				CLANG_WARN_DOCUMENTATION_COMMENTS = YES;
				CLANG_WARN_EMPTY_BODY = YES;
				CLANG_WARN_ENUM_CONVERSION = YES;
				CLANG_WARN_INFINITE_RECURSION = YES;
				CLANG_WARN_INT_CONVERSION = YES;
				CLANG_WARN_NON_LITERAL_NULL_CONVERSION = YES;
				CLANG_WARN_OBJC_IMPLICIT_RETAIN_SELF = YES;
				CLANG_WARN_OBJC_LITERAL_CONVERSION = YES;
				CLANG_WARN_OBJC_ROOT_CLASS = YES_ERROR;
				CLANG_WARN_QUOTED_INCLUDE_IN_FRAMEWORK_HEADER = YES;
				CLANG_WARN_RANGE_LOOP_ANALYSIS = YES;
				CLANG_WARN_STRICT_PROTOTYPES = YES;
				CLANG_WARN_SUSPICIOUS_MOVE = YES;
				CLANG_WARN_UNGUARDED_AVAILABILITY = YES_AGGRESSIVE;
				CLANG_WARN_UNREACHABLE_CODE = YES;
				CLANG_WARN__DUPLICATE_METHOD_MATCH = YES;
				COPY_PHASE_STRIP = NO;
				DEBUG_INFORMATION_FORMAT = "dwarf-with-dsym";
				ENABLE_NS_ASSERTIONS = NO;
				ENABLE_STRICT_OBJC_MSGSEND = YES;
				GCC_C_LANGUAGE_STANDARD = gnu11;
				GCC_NO_COMMON_BLOCKS = YES;
				GCC_WARN_64_TO_32_BIT_CONVERSION = YES;
				GCC_WARN_ABOUT_RETURN_TYPE = YES_ERROR;
				GCC_WARN_UNDECLARED_SELECTOR = YES;
				GCC_WARN_UNINITIALIZED_AUTOS = YES_AGGRESSIVE;
				GCC_WARN_UNUSED_FUNCTION = YES;
				GCC_WARN_UNUSED_VARIABLE = YES;
				IPHONEOS_DEPLOYMENT_TARGET = 14.4;
				MTL_ENABLE_DEBUG_INFO = NO;
				MTL_FAST_MATH = YES;
				SDKROOT = iphoneos;
				SWIFT_COMPILATION_MODE = wholemodule;
				SWIFT_OPTIMIZATION_LEVEL = "-O";
				VALIDATE_PRODUCT = YES;
			};
			name = Release;
		};
		F744078926531E8000F1587C /* Debug */ = {
			isa = XCBuildConfiguration;
			buildSettings = {
				ASSETCATALOG_COMPILER_APPICON_NAME = AppIcon;
				ASSETCATALOG_COMPILER_GLOBAL_ACCENT_COLOR_NAME = AccentColor;
				CODE_SIGN_STYLE = Automatic;
				INFOPLIST_FILE = PerformaIT/Info.plist;
				LD_RUNPATH_SEARCH_PATHS = (
					"$(inherited)",
					"@executable_path/Frameworks",
				);
				PRODUCT_BUNDLE_IDENTIFIER = br.com.performa.PerformaIT;
				PRODUCT_NAME = "$(TARGET_NAME)";
				SWIFT_VERSION = 5.0;
				TARGETED_DEVICE_FAMILY = "1,2";
			};
			name = Debug;
		};
		F744078A26531E8000F1587C /* Release */ = {
			isa = XCBuildConfiguration;
			buildSettings = {
				ASSETCATALOG_COMPILER_APPICON_NAME = AppIcon;
				ASSETCATALOG_COMPILER_GLOBAL_ACCENT_COLOR_NAME = AccentColor;
				CODE_SIGN_STYLE = Automatic;
				INFOPLIST_FILE = PerformaIT/Info.plist;
				LD_RUNPATH_SEARCH_PATHS = (
					"$(inherited)",
					"@executable_path/Frameworks",
				);
				PRODUCT_BUNDLE_IDENTIFIER = br.com.performa.PerformaIT;
				PRODUCT_NAME = "$(TARGET_NAME)";
				SWIFT_VERSION = 5.0;
				TARGETED_DEVICE_FAMILY = "1,2";
			};
			name = Release;
		};
/* End XCBuildConfiguration section */

/* Begin XCConfigurationList section */
		F744076C26531E7D00F1587C /* Build configuration list for PBXProject "PerformaIT" */ = {
			isa = XCConfigurationList;
			buildConfigurations = (
				F744078626531E8000F1587C /* Debug */,
				F744078726531E8000F1587C /* Release */,
			);
			defaultConfigurationIsVisible = 0;
			defaultConfigurationName = Release;
		};
		F744078826531E8000F1587C /* Build configuration list for PBXNativeTarget "PerformaIT" */ = {
			isa = XCConfigurationList;
			buildConfigurations = (
				F744078926531E8000F1587C /* Debug */,
				F744078A26531E8000F1587C /* Release */,
			);
			defaultConfigurationIsVisible = 0;
			defaultConfigurationName = Release;
		};
/* End XCConfigurationList section */

/* Begin XCVersionGroup section */
		F744077D26531E7D00F1587C /* PerformaIT.xcdatamodeld */ = {
			isa = XCVersionGroup;
			children = (
				F744077E26531E7D00F1587C /* PerformaIT.xcdatamodel */,
			);
			currentVersion = F744077E26531E7D00F1587C /* PerformaIT.xcdatamodel */;
			path = PerformaIT.xcdatamodeld;
			sourceTree = "<group>";
			versionGroupType = wrapper.xcdatamodel;
		};
/* End XCVersionGroup section */
	};
	rootObject = F744076926531E7D00F1587C /* Project object */;
}
